
Microsoft Visual Studio Solution File, Format Version 12.00
# Visual Studio Express 2012 for Windows Desktop
Project("{F184B08F-C81C-45F6-A57F-5ABD9991F28F}") = "SMS_Bomber", "SMS_Bomber\SMS_Bomber.vbproj", "{99DF5FCB-14CB-4DB1-A6B5-EFEE1A45BE6F}"
EndProject
Global
	GlobalSection(SolutionConfigurationPlatforms) = preSolution
		Debug|Any CPU = Debug|Any CPU
		Release|Any CPU = Release|Any CPU
	EndGlobalSection
	GlobalSection(ProjectConfigurationPlatforms) = postSolution
		{99DF5FCB-14CB-4DB1-A6B5-EFEE1A45BE6F}.Debug|Any CPU.ActiveCfg = Debug|Any CPU
		{99DF5FCB-14CB-4DB1-A6B5-EFEE1A45BE6F}.Debug|Any CPU.Build.0 = Debug|Any CPU
		{99DF5FCB-14CB-4DB1-A6B5-EFEE1A45BE6F}.Release|Any CPU.ActiveCfg = Release|Any CPU
		{99DF5FCB-14CB-4DB1-A6B5-EFEE1A45BE6F}.Release|Any CPU.Build.0 = Release|Any CPU
	EndGlobalSection
	GlobalSection(SolutionProperties) = preSolution
		HideSolutionNode = FALSE
	EndGlobalSection
EndGlobal
